
Microsoft Visual Studio Solution File, Format Version 12.00
# Visual Studio Version 16
VisualStudioVersion = 16.0.30128.74
MinimumVisualStudioVersion = 10.0.40219.1
Project("{FAE04EC0-301F-11D3-BF4B-00C04F79EFBC}") = "GBDD.UWP", "GBDD\GBDD.UWP\GBDD.UWP.csproj", "{A17FFB78-07F3-4F31-A473-F54CFA43AC3E}"
EndProject
Project("{FAE04EC0-301F-11D3-BF4B-00C04F79EFBC}") = "GBDD.Android", "GBDD\GBDD.Android\GBDD.Android.csproj", "{8B1E9278-7C9D-4F5F-A937-2E6D90D398F0}"
EndProject
Project("{FAE04EC0-301F-11D3-BF4B-00C04F79EFBC}") = "GBDD.iOS", "GBDD\GBDD.iOS\GBDD.iOS.csproj", "{33DE50B6-5C62-4EE2-9ACC-829E0DD4592F}"
EndProject
Project("{FAE04EC0-301F-11D3-BF4B-00C04F79EFBC}") = "GBDD", "GBDD\GBDD\GBDD.csproj", "{7C806D08-17D2-4019-B469-7E1091F89D90}"
EndProject
Global
	GlobalSection(SolutionConfigurationPlatforms) = preSolution
		Debug|Any CPU = Debug|Any CPU
		Debug|ARM = Debug|ARM
		Debug|iPhone = Debug|iPhone
		Debug|iPhoneSimulator = Debug|iPhoneSimulator
		Debug|x64 = Debug|x64
		Debug|x86 = Debug|x86
		Release|Any CPU = Release|Any CPU
		Release|ARM = Release|ARM
		Release|iPhone = Release|iPhone
		Release|iPhoneSimulator = Release|iPhoneSimulator
		Release|x64 = Release|x64
		Release|x86 = Release|x86
	EndGlobalSection
	GlobalSection(ProjectConfigurationPlatforms) = postSolution
		{A17FFB78-07F3-4F31-A473-F54CFA43AC3E}.Debug|Any CPU.ActiveCfg = Debug|x86
		{A17FFB78-07F3-4F31-A473-F54CFA43AC3E}.Debug|Any CPU.Build.0 = Debug|x86
		{A17FFB78-07F3-4F31-A473-F54CFA43AC3E}.Debug|Any CPU.Deploy.0 = Debug|x86
		{A17FFB78-07F3-4F31-A473-F54CFA43AC3E}.Debug|ARM.ActiveCfg = Debug|ARM
		{A17FFB78-07F3-4F31-A473-F54CFA43AC3E}.Debug|ARM.Build.0 = Debug|ARM
		{A17FFB78-07F3-4F31-A473-F54CFA43AC3E}.Debug|ARM.Deploy.0 = Debug|ARM
		{A17FFB78-07F3-4F31-A473-F54CFA43AC3E}.Debug|iPhone.ActiveCfg = Debug|x86
		{A17FFB78-07F3-4F31-A473-F54CFA43AC3E}.Debug|iPhone.Build.0 = Debug|x86
		{A17FFB78-07F3-4F31-A473-F54CFA43AC3E}.Debug|iPhone.Deploy.0 = Debug|x86
		{A17FFB78-07F3-4F31-A473-F54CFA43AC3E}.Debug|iPhoneSimulator.ActiveCfg = Debug|x86
		{A17FFB78-07F3-4F31-A473-F54CFA43AC3E}.Debug|iPhoneSimulator.Build.0 = Debug|x86
		{A17FFB78-07F3-4F31-A473-F54CFA43AC3E}.Debug|iPhoneSimulator.Deploy.0 = Debug|x86
		{A17FFB78-07F3-4F31-A473-F54CFA43AC3E}.Debug|x64.ActiveCfg = Debug|x64
		{A17FFB78-07F3-4F31-A473-F54CFA43AC3E}.Debug|x64.Build.0 = Debug|x64
		{A17FFB78-07F3-4F31-A473-F54CFA43AC3E}.Debug|x64.Deploy.0 = Debug|x64
		{A17FFB78-07F3-4F31-A473-F54CFA43AC3E}.Debug|x86.ActiveCfg = Debug|x86
		{A17FFB78-07F3-4F31-A473-F54CFA43AC3E}.Debug|x86.Build.0 = Debug|x86
		{A17FFB78-07F3-4F31-A473-F54CFA43AC3E}.Debug|x86.Deploy.0 = Debug|x86
		{A17FFB78-07F3-4F31-A473-F54CFA43AC3E}.Release|Any CPU.ActiveCfg = Release|x86
		{A17FFB78-07F3-4F31-A473-F54CFA43AC3E}.Release|Any CPU.Build.0 = Release|x86
		{A17FFB78-07F3-4F31-A473-F54CFA43AC3E}.Release|Any CPU.Deploy.0 = Release|x86
		{A17FFB78-07F3-4F31-A473-F54CFA43AC3E}.Release|ARM.ActiveCfg = Release|ARM
		{A17FFB78-07F3-4F31-A473-F54CFA43AC3E}.Release|ARM.Build.0 = Release|ARM
		{A17FFB78-07F3-4F31-A473-F54CFA43AC3E}.Release|ARM.Deploy.0 = Release|ARM
		{A17FFB78-07F3-4F31-A473-F54CFA43AC3E}.Release|iPhone.ActiveCfg = Release|x86
		{A17FFB78-07F3-4F31-A473-F54CFA43AC3E}.Release|iPhone.Build.0 = Release|x86
		{A17FFB78-07F3-4F31-A473-F54CFA43AC3E}.Release|iPhone.Deploy.0 = Release|x86
		{A17FFB78-07F3-4F31-A473-F54CFA43AC3E}.Release|iPhoneSimulator.ActiveCfg = Release|x86
		{A17FFB78-07F3-4F31-A473-F54CFA43AC3E}.Release|iPhoneSimulator.Build.0 = Release|x86
		{A17FFB78-07F3-4F31-A473-F54CFA43AC3E}.Release|iPhoneSimulator.Deploy.0 = Release|x86
		{A17FFB78-07F3-4F31-A473-F54CFA43AC3E}.Release|x64.ActiveCfg = Release|x64
		{A17FFB78-07F3-4F31-A473-F54CFA43AC3E}.Release|x64.Build.0 = Release|x64
		{A17FFB78-07F3-4F31-A473-F54CFA43AC3E}.Release|x64.Deploy.0 = Release|x64
		{A17FFB78-07F3-4F31-A473-F54CFA43AC3E}.Release|x86.ActiveCfg = Release|x86
		{A17FFB78-07F3-4F31-A473-F54CFA43AC3E}.Release|x86.Build.0 = Release|x86
		{A17FFB78-07F3-4F31-A473-F54CFA43AC3E}.Release|x86.Deploy.0 = Release|x86
		{8B1E9278-7C9D-4F5F-A937-2E6D90D398F0}.Debug|Any CPU.ActiveCfg = Debug|Any CPU
		{8B1E9278-7C9D-4F5F-A937-2E6D90D398F0}.Debug|Any CPU.Build.0 = Debug|Any CPU
		{8B1E9278-7C9D-4F5F-A937-2E6D90D398F0}.Debug|Any CPU.Deploy.0 = Debug|Any CPU
		{8B1E9278-7C9D-4F5F-A937-2E6D90D398F0}.Debug|ARM.ActiveCfg = Debug|Any CPU
		{8B1E9278-7C9D-4F5F-A937-2E6D90D398F0}.Debug|ARM.Build.0 = Debug|Any CPU
		{8B1E9278-7C9D-4F5F-A937-2E6D90D398F0}.Debug|ARM.Deploy.0 = Debug|Any CPU
		{8B1E9278-7C9D-4F5F-A937-2E6D90D398F0}.Debug|iPhone.ActiveCfg = Debug|Any CPU
		{8B1E9278-7C9D-4F5F-A937-2E6D90D398F0}.Debug|iPhone.Build.0 = Debug|Any CPU
		{8B1E9278-7C9D-4F5F-A937-2E6D90D398F0}.Debug|iPhone.Deploy.0 = Debug|Any CPU
		{8B1E9278-7C9D-4F5F-A937-2E6D90D398F0}.Debug|iPhoneSimulator.ActiveCfg = Debug|Any CPU
		{8B1E9278-7C9D-4F5F-A937-2E6D90D398F0}.Debug|iPhoneSimulator.Build.0 = Debug|Any CPU
		{8B1E9278-7C9D-4F5F-A937-2E6D90D398F0}.Debug|iPhoneSimulator.Deploy.0 = Debug|Any CPU
		{8B1E9278-7C9D-4F5F-A937-2E6D90D398F0}.Debug|x64.ActiveCfg = Debug|Any CPU
		{8B1E9278-7C9D-4F5F-A937-2E6D90D398F0}.Debug|x64.Build.0 = Debug|Any CPU
		{8B1E9278-7C9D-4F5F-A937-2E6D90D398F0}.Debug|x64.Deploy.0 = Debug|Any CPU
		{8B1E9278-7C9D-4F5F-A937-2E6D90D398F0}.Debug|x86.ActiveCfg = Debug|Any CPU
		{8B1E9278-7C9D-4F5F-A937-2E6D90D398F0}.Debug|x86.Build.0 = Debug|Any CPU
		{8B1E9278-7C9D-4F5F-A937-2E6D90D398F0}.Debug|x86.Deploy.0 = Debug|Any CPU
		{8B1E9278-7C9D-4F5F-A937-2E6D90D398F0}.Release|Any CPU.ActiveCfg = Release|Any CPU
		{8B1E9278-7C9D-4F5F-A937-2E6D90D398F0}.Release|Any CPU.Build.0 = Release|Any CPU
		{8B1E9278-7C9D-4F5F-A937-2E6D90D398F0}.Release|Any CPU.Deploy.0 = Release|Any CPU
		{8B1E9278-7C9D-4F5F-A937-2E6D90D398F0}.Release|ARM.ActiveCfg = Release|Any CPU
		{8B1E9278-7C9D-4F5F-A937-2E6D90D398F0}.Release|ARM.Build.0 = Release|Any CPU
		{8B1E9278-7C9D-4F5F-A937-2E6D90D398F0}.Release|ARM.Deploy.0 = Release|Any CPU
		{8B1E9278-7C9D-4F5F-A937-2E6D90D398F0}.Release|iPhone.ActiveCfg = Release|Any CPU
		{8B1E9278-7C9D-4F5F-A937-2E6D90D398F0}.Release|iPhone.Build.0 = Release|Any CPU
		{8B1E9278-7C9D-4F5F-A937-2E6D90D398F0}.Release|iPhone.Deploy.0 = Release|Any CPU
		{8B1E9278-7C9D-4F5F-A937-2E6D90D398F0}.Release|iPhoneSimulator.ActiveCfg = Release|Any CPU
		{8B1E9278-7C9D-4F5F-A937-2E6D90D398F0}.Release|iPhoneSimulator.Build.0 = Release|Any CPU
		{8B1E9278-7C9D-4F5F-A937-2E6D90D398F0}.Release|iPhoneSimulator.Deploy.0 = Release|Any CPU
		{8B1E9278-7C9D-4F5F-A937-2E6D90D398F0}.Release|x64.ActiveCfg = Release|Any CPU
		{8B1E9278-7C9D-4F5F-A937-2E6D90D398F0}.Release|x64.Build.0 = Release|Any CPU
		{8B1E9278-7C9D-4F5F-A937-2E6D90D398F0}.Release|x64.Deploy.0 = Release|Any CPU
		{8B1E9278-7C9D-4F5F-A937-2E6D90D398F0}.Release|x86.ActiveCfg = Release|Any CPU
		{8B1E9278-7C9D-4F5F-A937-2E6D90D398F0}.Release|x86.Build.0 = Release|Any CPU
		{8B1E9278-7C9D-4F5F-A937-2E6D90D398F0}.Release|x86.Deploy.0 = Release|Any CPU
		{33DE50B6-5C62-4EE2-9ACC-829E0DD4592F}.Debug|Any CPU.ActiveCfg = Debug|iPhone
		{33DE50B6-5C62-4EE2-9ACC-829E0DD4592F}.Debug|Any CPU.Build.0 = Debug|iPhone
		{33DE50B6-5C62-4EE2-9ACC-829E0DD4592F}.Debug|Any CPU.Deploy.0 = Debug|iPhone
		{33DE50B6-5C62-4EE2-9ACC-829E0DD4592F}.Debug|ARM.ActiveCfg = Debug|iPhone
		{33DE50B6-5C62-4EE2-9ACC-829E0DD4592F}.Debug|ARM.Build.0 = Debug|iPhone
		{33DE50B6-5C62-4EE2-9ACC-829E0DD4592F}.Debug|ARM.Deploy.0 = Debug|iPhone
		{33DE50B6-5C62-4EE2-9ACC-829E0DD4592F}.Debug|iPhone.ActiveCfg = Debug|iPhone
		{33DE50B6-5C62-4EE2-9ACC-829E0DD4592F}.Debug|iPhone.Build.0 = Debug|iPhone
		{33DE50B6-5C62-4EE2-9ACC-829E0DD4592F}.Debug|iPhone.Deploy.0 = Debug|iPhone
		{33DE50B6-5C62-4EE2-9ACC-829E0DD4592F}.Debug|iPhoneSimulator.ActiveCfg = Debug|iPhoneSimulator
		{33DE50B6-5C62-4EE2-9ACC-829E0DD4592F}.Debug|iPhoneSimulator.Build.0 = Debug|iPhoneSimulator
		{33DE50B6-5C62-4EE2-9ACC-829E0DD4592F}.Debug|iPhoneSimulator.Deploy.0 = Debug|iPhoneSimulator
		{33DE50B6-5C62-4EE2-9ACC-829E0DD4592F}.Debug|x64.ActiveCfg = Debug|iPhone
		{33DE50B6-5C62-4EE2-9ACC-829E0DD4592F}.Debug|x64.Build.0 = Debug|iPhone
		{33DE50B6-5C62-4EE2-9ACC-829E0DD4592F}.Debug|x64.Deploy.0 = Debug|iPhone
		{33DE50B6-5C62-4EE2-9ACC-829E0DD4592F}.Debug|x86.ActiveCfg = Debug|iPhone
		{33DE50B6-5C62-4EE2-9ACC-829E0DD4592F}.Debug|x86.Build.0 = Debug|iPhone
		{33DE50B6-5C62-4EE2-9ACC-829E0DD4592F}.Debug|x86.Deploy.0 = Debug|iPhone
		{33DE50B6-5C62-4EE2-9ACC-829E0DD4592F}.Release|Any CPU.ActiveCfg = Release|iPhone
		{33DE50B6-5C62-4EE2-9ACC-829E0DD4592F}.Release|Any CPU.Build.0 = Release|iPhone
		{33DE50B6-5C62-4EE2-9ACC-829E0DD4592F}.Release|Any CPU.Deploy.0 = Release|iPhone
		{33DE50B6-5C62-4EE2-9ACC-829E0DD4592F}.Release|ARM.ActiveCfg = Release|iPhone
		{33DE50B6-5C62-4EE2-9ACC-829E0DD4592F}.Release|ARM.Build.0 = Release|iPhone
		{33DE50B6-5C62-4EE2-9ACC-829E0DD4592F}.Release|ARM.Deploy.0 = Release|iPhone
		{33DE50B6-5C62-4EE2-9ACC-829E0DD4592F}.Release|iPhone.ActiveCfg = Release|iPhone
		{33DE50B6-5C62-4EE2-9ACC-829E0DD4592F}.Release|iPhone.Build.0 = Release|iPhone
		{33DE50B6-5C62-4EE2-9ACC-829E0DD4592F}.Release|iPhone.Deploy.0 = Release|iPhone
		{33DE50B6-5C62-4EE2-9ACC-829E0DD4592F}.Release|iPhoneSimulator.ActiveCfg = Release|iPhoneSimulator
		{33DE50B6-5C62-4EE2-9ACC-829E0DD4592F}.Release|iPhoneSimulator.Build.0 = Release|iPhoneSimulator
		{33DE50B6-5C62-4EE2-9ACC-829E0DD4592F}.Release|iPhoneSimulator.Deploy.0 = Release|iPhoneSimulator
		{33DE50B6-5C62-4EE2-9ACC-829E0DD4592F}.Release|x64.ActiveCfg = Release|iPhone
		{33DE50B6-5C62-4EE2-9ACC-829E0DD4592F}.Release|x64.Build.0 = Release|iPhone
		{33DE50B6-5C62-4EE2-9ACC-829E0DD4592F}.Release|x64.Deploy.0 = Release|iPhone
		{33DE50B6-5C62-4EE2-9ACC-829E0DD4592F}.Release|x86.ActiveCfg = Release|iPhone
		{33DE50B6-5C62-4EE2-9ACC-829E0DD4592F}.Release|x86.Build.0 = Release|iPhone
		{33DE50B6-5C62-4EE2-9ACC-829E0DD4592F}.Release|x86.Deploy.0 = Release|iPhone
		{7C806D08-17D2-4019-B469-7E1091F89D90}.Debug|Any CPU.ActiveCfg = Debug|Any CPU
		{7C806D08-17D2-4019-B469-7E1091F89D90}.Debug|Any CPU.Build.0 = Debug|Any CPU
		{7C806D08-17D2-4019-B469-7E1091F89D90}.Debug|Any CPU.Deploy.0 = Debug|Any CPU
		{7C806D08-17D2-4019-B469-7E1091F89D90}.Debug|ARM.ActiveCfg = Debug|Any CPU
		{7C806D08-17D2-4019-B469-7E1091F89D90}.Debug|ARM.Build.0 = Debug|Any CPU
		{7C806D08-17D2-4019-B469-7E1091F89D90}.Debug|ARM.Deploy.0 = Debug|Any CPU
		{7C806D08-17D2-4019-B469-7E1091F89D90}.Debug|iPhone.ActiveCfg = Debug|Any CPU
		{7C806D08-17D2-4019-B469-7E1091F89D90}.Debug|iPhone.Build.0 = Debug|Any CPU
		{7C806D08-17D2-4019-B469-7E1091F89D90}.Debug|iPhone.Deploy.0 = Debug|Any CPU
		{7C806D08-17D2-4019-B469-7E1091F89D90}.Debug|iPhoneSimulator.ActiveCfg = Debug|Any CPU
		{7C806D08-17D2-4019-B469-7E1091F89D90}.Debug|iPhoneSimulator.Build.0 = Debug|Any CPU
		{7C806D08-17D2-4019-B469-7E1091F89D90}.Debug|iPhoneSimulator.Deploy.0 = Debug|Any CPU
		{7C806D08-17D2-4019-B469-7E1091F89D90}.Debug|x64.ActiveCfg = Debug|Any CPU
		{7C806D08-17D2-4019-B469-7E1091F89D90}.Debug|x64.Build.0 = Debug|Any CPU
		{7C806D08-17D2-4019-B469-7E1091F89D90}.Debug|x64.Deploy.0 = Debug|Any CPU
		{7C806D08-17D2-4019-B469-7E1091F89D90}.Debug|x86.ActiveCfg = Debug|Any CPU
		{7C806D08-17D2-4019-B469-7E1091F89D90}.Debug|x86.Build.0 = Debug|Any CPU
		{7C806D08-17D2-4019-B469-7E1091F89D90}.Debug|x86.Deploy.0 = Debug|Any CPU
		{7C806D08-17D2-4019-B469-7E1091F89D90}.Release|Any CPU.ActiveCfg = Release|Any CPU
		{7C806D08-17D2-4019-B469-7E1091F89D90}.Release|Any CPU.Build.0 = Release|Any CPU
		{7C806D08-17D2-4019-B469-7E1091F89D90}.Release|Any CPU.Deploy.0 = Release|Any CPU
		{7C806D08-17D2-4019-B469-7E1091F89D90}.Release|ARM.ActiveCfg = Release|Any CPU
		{7C806D08-17D2-4019-B469-7E1091F89D90}.Release|ARM.Build.0 = Release|Any CPU
		{7C806D08-17D2-4019-B469-7E1091F89D90}.Release|ARM.Deploy.0 = Release|Any CPU
		{7C806D08-17D2-4019-B469-7E1091F89D90}.Release|iPhone.ActiveCfg = Release|Any CPU
		{7C806D08-17D2-4019-B469-7E1091F89D90}.Release|iPhone.Build.0 = Release|Any CPU
		{7C806D08-17D2-4019-B469-7E1091F89D90}.Release|iPhone.Deploy.0 = Release|Any CPU
		{7C806D08-17D2-4019-B469-7E1091F89D90}.Release|iPhoneSimulator.ActiveCfg = Release|Any CPU
		{7C806D08-17D2-4019-B469-7E1091F89D90}.Release|iPhoneSimulator.Build.0 = Release|Any CPU
		{7C806D08-17D2-4019-B469-7E1091F89D90}.Release|iPhoneSimulator.Deploy.0 = Release|Any CPU
		{7C806D08-17D2-4019-B469-7E1091F89D90}.Release|x64.ActiveCfg = Release|Any CPU
		{7C806D08-17D2-4019-B469-7E1091F89D90}.Release|x64.Build.0 = Release|Any CPU
		{7C806D08-17D2-4019-B469-7E1091F89D90}.Release|x64.Deploy.0 = Release|Any CPU
		{7C806D08-17D2-4019-B469-7E1091F89D90}.Release|x86.ActiveCfg = Release|Any CPU
		{7C806D08-17D2-4019-B469-7E1091F89D90}.Release|x86.Build.0 = Release|Any CPU
		{7C806D08-17D2-4019-B469-7E1091F89D90}.Release|x86.Deploy.0 = Release|Any CPU
	EndGlobalSection
	GlobalSection(SolutionProperties) = preSolution
		HideSolutionNode = FALSE
	EndGlobalSection
	GlobalSection(ExtensibilityGlobals) = postSolution
		SolutionGuid = {9F35AFE1-60B5-4D71-84D1-D5C8ECFCE3FF}
	EndGlobalSection
EndGlobal
